
Microsoft Visual Studio Solution File, Format Version 12.00
# Visual Studio 2013
VisualStudioVersion = 12.0.31101.0
MinimumVisualStudioVersion = 10.0.40219.1
Project("{FAE04EC0-301F-11D3-BF4B-00C04F79EFBC}") = "OwinOAuthProvidersDemo", "OwinOAuthProvidersDemo\OwinOAuthProvidersDemo.csproj", "{5A438007-0C90-4DAC-BAA1-54A32164067F}"
EndProject
Project("{FAE04EC0-301F-11D3-BF4B-00C04F79EFBC}") = "Microsoft.Owin.Security.Sina", "Microsoft.Owin.Security.Sina\Microsoft.Owin.Security.Sina.csproj", "{B96EC058-D0AF-4B2B-8AFF-6300F286F89A}"
EndProject
Project("{FAE04EC0-301F-11D3-BF4B-00C04F79EFBC}") = "Microsoft.Owin.Security.Tencent", "Microsoft.Owin.Security.Tencent\Microsoft.Owin.Security.Tencent.csproj", "{745441C6-006A-4DC8-BCC0-64989E0B95C0}"
EndProject
Global
	GlobalSection(TeamFoundationVersionControl) = preSolution
		SccNumberOfProjects = 4
		SccEnterpriseProvider = {4CA58AB2-18FA-4F8D-95D4-32DDF27D184C}
		SccTeamFoundationServer = https://xiaoyaojian.visualstudio.com/defaultcollection
		SccLocalPath0 = .
		SccProjectUniqueName1 = OwinOAuthProvidersDemo\\OwinOAuthProvidersDemo.csproj
		SccProjectName1 = OwinOAuthProvidersDemo
		SccLocalPath1 = OwinOAuthProvidersDemo
		SccProjectUniqueName2 = Microsoft.Owin.Security.Sina\\Microsoft.Owin.Security.Sina.csproj
		SccProjectName2 = Microsoft.Owin.Security.Sina
		SccLocalPath2 = Microsoft.Owin.Security.Sina
		SccProjectUniqueName3 = Microsoft.Owin.Security.Tencent\\Microsoft.Owin.Security.Tencent.csproj
		SccProjectName3 = Microsoft.Owin.Security.Tencent
		SccLocalPath3 = Microsoft.Owin.Security.Tencent
	EndGlobalSection
	GlobalSection(SolutionConfigurationPlatforms) = preSolution
		Debug|Any CPU = Debug|Any CPU
		Release|Any CPU = Release|Any CPU
	EndGlobalSection
	GlobalSection(ProjectConfigurationPlatforms) = postSolution
		{5A438007-0C90-4DAC-BAA1-54A32164067F}.Debug|Any CPU.ActiveCfg = Debug|Any CPU
		{5A438007-0C90-4DAC-BAA1-54A32164067F}.Debug|Any CPU.Build.0 = Debug|Any CPU
		{5A438007-0C90-4DAC-BAA1-54A32164067F}.Release|Any CPU.ActiveCfg = Release|Any CPU
		{5A438007-0C90-4DAC-BAA1-54A32164067F}.Release|Any CPU.Build.0 = Release|Any CPU
		{B96EC058-D0AF-4B2B-8AFF-6300F286F89A}.Debug|Any CPU.ActiveCfg = Debug|Any CPU
		{B96EC058-D0AF-4B2B-8AFF-6300F286F89A}.Debug|Any CPU.Build.0 = Debug|Any CPU
		{B96EC058-D0AF-4B2B-8AFF-6300F286F89A}.Release|Any CPU.ActiveCfg = Release|Any CPU
		{B96EC058-D0AF-4B2B-8AFF-6300F286F89A}.Release|Any CPU.Build.0 = Release|Any CPU
		{745441C6-006A-4DC8-BCC0-64989E0B95C0}.Debug|Any CPU.ActiveCfg = Debug|Any CPU
		{745441C6-006A-4DC8-BCC0-64989E0B95C0}.Debug|Any CPU.Build.0 = Debug|Any CPU
		{745441C6-006A-4DC8-BCC0-64989E0B95C0}.Release|Any CPU.ActiveCfg = Release|Any CPU
		{745441C6-006A-4DC8-BCC0-64989E0B95C0}.Release|Any CPU.Build.0 = Release|Any CPU
	EndGlobalSection
	GlobalSection(SolutionProperties) = preSolution
		HideSolutionNode = FALSE
	EndGlobalSection
EndGlobal
